// !$*UTF8*$!
{
	archiveVersion = 1;
	classes = {
	};
	objectVersion = 56;
	objects = {

/* Begin PBXBuildFile section */
		3972DE5F2BF8C60500F89AA4 /* Alamofire in Frameworks */ = {isa = PBXBuildFile; productRef = 3972DE5E2BF8C60500F89AA4 /* Alamofire */; };
		3972DE612BF8C60500F89AA4 /* AlamofireDynamic in Frameworks */ = {isa = PBXBuildFile; productRef = 3972DE602BF8C60500F89AA4 /* AlamofireDynamic */; };
		39BB51FB2BF7DCAD002DA4C2 /* WeatherAppApp.swift in Sources */ = {isa = PBXBuildFile; fileRef = 39BB51FA2BF7DCAD002DA4C2 /* WeatherAppApp.swift */; };
		39BB51FD2BF7DCAD002DA4C2 /* ContentView.swift in Sources */ = {isa = PBXBuildFile; fileRef = 39BB51FC2BF7DCAD002DA4C2 /* ContentView.swift */; };
		39BB51FF2BF7DCAF002DA4C2 /* Assets.xcassets in Resources */ = {isa = PBXBuildFile; fileRef = 39BB51FE2BF7DCAF002DA4C2 /* Assets.xcassets */; };
		39BB52022BF7DCAF002DA4C2 /* Preview Assets.xcassets in Resources */ = {isa = PBXBuildFile; fileRef = 39BB52012BF7DCAF002DA4C2 /* Preview Assets.xcassets */; };
		39BB52042BF7DCAF002DA4C2 /* Persistence.swift in Sources */ = {isa = PBXBuildFile; fileRef = 39BB52032BF7DCAF002DA4C2 /* Persistence.swift */; };
		39BB52072BF7DCAF002DA4C2 /* WeatherApp.xcdatamodeld in Sources */ = {isa = PBXBuildFile; fileRef = 39BB52052BF7DCAF002DA4C2 /* WeatherApp.xcdatamodeld */; };
		39BB52162BF7DD58002DA4C2 /* HomeScreen.swift in Sources */ = {isa = PBXBuildFile; fileRef = 39BB52152BF7DD58002DA4C2 /* HomeScreen.swift */; };
		39BB52182BF7E0A4002DA4C2 /* DetailsScreen.swift in Sources */ = {isa = PBXBuildFile; fileRef = 39BB52172BF7E0A4002DA4C2 /* DetailsScreen.swift */; };
		39BB521A2BF7E6E9002DA4C2 /* DayRow.swift in Sources */ = {isa = PBXBuildFile; fileRef = 39BB52192BF7E6E9002DA4C2 /* DayRow.swift */; };
		39BB521C2BF7F959002DA4C2 /* WeatherItems.swift in Sources */ = {isa = PBXBuildFile; fileRef = 39BB521B2BF7F959002DA4C2 /* WeatherItems.swift */; };
/* End PBXBuildFile section */

/* Begin PBXFileReference section */
		39BB51F72BF7DCAD002DA4C2 /* WeatherApp.app */ = {isa = PBXFileReference; explicitFileType = wrapper.application; includeInIndex = 0; path = WeatherApp.app; sourceTree = BUILT_PRODUCTS_DIR; };
		39BB51FA2BF7DCAD002DA4C2 /* WeatherAppApp.swift */ = {isa = PBXFileReference; lastKnownFileType = sourcecode.swift; path = WeatherAppApp.swift; sourceTree = "<group>"; };
		39BB51FC2BF7DCAD002DA4C2 /* ContentView.swift */ = {isa = PBXFileReference; lastKnownFileType = sourcecode.swift; path = ContentView.swift; sourceTree = "<group>"; };
		39BB51FE2BF7DCAF002DA4C2 /* Assets.xcassets */ = {isa = PBXFileReference; lastKnownFileType = folder.assetcatalog; path = Assets.xcassets; sourceTree = "<group>"; };
		39BB52012BF7DCAF002DA4C2 /* Preview Assets.xcassets */ = {isa = PBXFileReference; lastKnownFileType = folder.assetcatalog; path = "Preview Assets.xcassets"; sourceTree = "<group>"; };
		39BB52032BF7DCAF002DA4C2 /* Persistence.swift */ = {isa = PBXFileReference; lastKnownFileType = sourcecode.swift; path = Persistence.swift; sourceTree = "<group>"; };
		39BB52062BF7DCAF002DA4C2 /* WeatherApp.xcdatamodel */ = {isa = PBXFileReference; lastKnownFileType = wrapper.xcdatamodel; path = WeatherApp.xcdatamodel; sourceTree = "<group>"; };
		39BB52152BF7DD58002DA4C2 /* HomeScreen.swift */ = {isa = PBXFileReference; lastKnownFileType = sourcecode.swift; path = HomeScreen.swift; sourceTree = "<group>"; };
		39BB52172BF7E0A4002DA4C2 /* DetailsScreen.swift */ = {isa = PBXFileReference; lastKnownFileType = sourcecode.swift; path = DetailsScreen.swift; sourceTree = "<group>"; };
		39BB52192BF7E6E9002DA4C2 /* DayRow.swift */ = {isa = PBXFileReference; lastKnownFileType = sourcecode.swift; path = DayRow.swift; sourceTree = "<group>"; };
		39BB521B2BF7F959002DA4C2 /* WeatherItems.swift */ = {isa = PBXFileReference; lastKnownFileType = sourcecode.swift; path = WeatherItems.swift; sourceTree = "<group>"; };
/* End PBXFileReference section */

/* Begin PBXFrameworksBuildPhase section */
		39BB51F42BF7DCAD002DA4C2 /* Frameworks */ = {
			isa = PBXFrameworksBuildPhase;
			buildActionMask = 2147483647;
			files = (
				3972DE5F2BF8C60500F89AA4 /* Alamofire in Frameworks */,
				3972DE612BF8C60500F89AA4 /* AlamofireDynamic in Frameworks */,
			);
			runOnlyForDeploymentPostprocessing = 0;
		};
/* End PBXFrameworksBuildPhase section */

/* Begin PBXGroup section */
		39BB51EE2BF7DCAD002DA4C2 = {
			isa = PBXGroup;
			children = (
				39BB51F92BF7DCAD002DA4C2 /* WeatherApp */,
				39BB51F82BF7DCAD002DA4C2 /* Products */,
			);
			sourceTree = "<group>";
		};
		39BB51F82BF7DCAD002DA4C2 /* Products */ = {
			isa = PBXGroup;
			children = (
				39BB51F72BF7DCAD002DA4C2 /* WeatherApp.app */,
			);
			name = Products;
			sourceTree = "<group>";
		};
		39BB51F92BF7DCAD002DA4C2 /* WeatherApp */ = {
			isa = PBXGroup;
			children = (
				39BB52112BF7DD16002DA4C2 /* DetailsScreen */,
				39BB520D2BF7DCF6002DA4C2 /* HomeScreen */,
				39BB51FA2BF7DCAD002DA4C2 /* WeatherAppApp.swift */,
				39BB51FC2BF7DCAD002DA4C2 /* ContentView.swift */,
				39BB51FE2BF7DCAF002DA4C2 /* Assets.xcassets */,
				39BB52032BF7DCAF002DA4C2 /* Persistence.swift */,
				39BB52052BF7DCAF002DA4C2 /* WeatherApp.xcdatamodeld */,
				39BB52002BF7DCAF002DA4C2 /* Preview Content */,
			);
			path = WeatherApp;
			sourceTree = "<group>";
		};
		39BB52002BF7DCAF002DA4C2 /* Preview Content */ = {
			isa = PBXGroup;
			children = (
				39BB52012BF7DCAF002DA4C2 /* Preview Assets.xcassets */,
			);
			path = "Preview Content";
			sourceTree = "<group>";
		};
		39BB520D2BF7DCF6002DA4C2 /* HomeScreen */ = {
			isa = PBXGroup;
			children = (
				39BB52102BF7DD02002DA4C2 /* View */,
				39BB520F2BF7DD00002DA4C2 /* ViewModel */,
				39BB520E2BF7DCFE002DA4C2 /* Model */,
			);
			path = HomeScreen;
			sourceTree = "<group>";
		};
		39BB520E2BF7DCFE002DA4C2 /* Model */ = {
			isa = PBXGroup;
			children = (
				39BB521B2BF7F959002DA4C2 /* WeatherItems.swift */,
			);
			path = Model;
			sourceTree = "<group>";
		};
		39BB520F2BF7DD00002DA4C2 /* ViewModel */ = {
			isa = PBXGroup;
			children = (
			);
			path = ViewModel;
			sourceTree = "<group>";
		};
		39BB52102BF7DD02002DA4C2 /* View */ = {
			isa = PBXGroup;
			children = (
				39BB52152BF7DD58002DA4C2 /* HomeScreen.swift */,
				39BB52192BF7E6E9002DA4C2 /* DayRow.swift */,
			);
			path = View;
			sourceTree = "<group>";
		};
		39BB52112BF7DD16002DA4C2 /* DetailsScreen */ = {
			isa = PBXGroup;
			children = (
				39BB52142BF7DD33002DA4C2 /* View */,
				39BB52132BF7DD31002DA4C2 /* ViewModel */,
				39BB52122BF7DD1D002DA4C2 /* Model */,
			);
			path = DetailsScreen;
			sourceTree = "<group>";
		};
		39BB52122BF7DD1D002DA4C2 /* Model */ = {
			isa = PBXGroup;
			children = (
			);
			path = Model;
			sourceTree = "<group>";
		};
		39BB52132BF7DD31002DA4C2 /* ViewModel */ = {
			isa = PBXGroup;
			children = (
			);
			path = ViewModel;
			sourceTree = "<group>";
		};
		39BB52142BF7DD33002DA4C2 /* View */ = {
			isa = PBXGroup;
			children = (
				39BB52172BF7E0A4002DA4C2 /* DetailsScreen.swift */,
			);
			path = View;
			sourceTree = "<group>";
		};
/* End PBXGroup section */

/* Begin PBXNativeTarget section */
		39BB51F62BF7DCAD002DA4C2 /* WeatherApp */ = {
			isa = PBXNativeTarget;
			buildConfigurationList = 39BB520A2BF7DCAF002DA4C2 /* Build configuration list for PBXNativeTarget "WeatherApp" */;
			buildPhases = (
				39BB51F32BF7DCAD002DA4C2 /* Sources */,
				39BB51F42BF7DCAD002DA4C2 /* Frameworks */,
				39BB51F52BF7DCAD002DA4C2 /* Resources */,
			);
			buildRules = (
			);
			dependencies = (
			);
			name = WeatherApp;
			packageProductDependencies = (
				3972DE5E2BF8C60500F89AA4 /* Alamofire */,
				3972DE602BF8C60500F89AA4 /* AlamofireDynamic */,
			);
			productName = WeatherApp;
			productReference = 39BB51F72BF7DCAD002DA4C2 /* WeatherApp.app */;
			productType = "com.apple.product-type.application";
		};
/* End PBXNativeTarget section */

/* Begin PBXProject section */
		39BB51EF2BF7DCAD002DA4C2 /* Project object */ = {
			isa = PBXProject;
			attributes = {
				BuildIndependentTargetsInParallel = 1;
				LastSwiftUpdateCheck = 1530;
				LastUpgradeCheck = 1530;
				TargetAttributes = {
					39BB51F62BF7DCAD002DA4C2 = {
						CreatedOnToolsVersion = 15.3;
					};
				};
			};
			buildConfigurationList = 39BB51F22BF7DCAD002DA4C2 /* Build configuration list for PBXProject "WeatherApp" */;
			compatibilityVersion = "Xcode 14.0";
			developmentRegion = en;
			hasScannedForEncodings = 0;
			knownRegions = (
				en,
				Base,
			);
			mainGroup = 39BB51EE2BF7DCAD002DA4C2;
			packageReferences = (
				3972DE5D2BF8C60500F89AA4 /* XCRemoteSwiftPackageReference "Alamofire" */,
			);
			productRefGroup = 39BB51F82BF7DCAD002DA4C2 /* Products */;
			projectDirPath = "";
			projectRoot = "";
			targets = (
				39BB51F62BF7DCAD002DA4C2 /* WeatherApp */,
			);
		};
/* End PBXProject section */

/* Begin PBXResourcesBuildPhase section */
		39BB51F52BF7DCAD002DA4C2 /* Resources */ = {
			isa = PBXResourcesBuildPhase;
			buildActionMask = 2147483647;
			files = (
				39BB52022BF7DCAF002DA4C2 /* Preview Assets.xcassets in Resources */,
				39BB51FF2BF7DCAF002DA4C2 /* Assets.xcassets in Resources */,
			);
			runOnlyForDeploymentPostprocessing = 0;
		};
/* End PBXResourcesBuildPhase section */

/* Begin PBXSourcesBuildPhase section */
		39BB51F32BF7DCAD002DA4C2 /* Sources */ = {
			isa = PBXSourcesBuildPhase;
			buildActionMask = 2147483647;
			files = (
				39BB52072BF7DCAF002DA4C2 /* WeatherApp.xcdatamodeld in Sources */,
				39BB52162BF7DD58002DA4C2 /* HomeScreen.swift in Sources */,
				39BB52042BF7DCAF002DA4C2 /* Persistence.swift in Sources */,
				39BB51FD2BF7DCAD002DA4C2 /* ContentView.swift in Sources */,
				39BB52182BF7E0A4002DA4C2 /* DetailsScreen.swift in Sources */,
				39BB521A2BF7E6E9002DA4C2 /* DayRow.swift in Sources */,
				39BB51FB2BF7DCAD002DA4C2 /* WeatherAppApp.swift in Sources */,
				39BB521C2BF7F959002DA4C2 /* WeatherItems.swift in Sources */,
			);
			runOnlyForDeploymentPostprocessing = 0;
		};
/* End PBXSourcesBuildPhase section */

/* Begin XCBuildConfiguration section */
		39BB52082BF7DCAF002DA4C2 /* Debug */ = {
			isa = XCBuildConfiguration;
			buildSettings = {
				ALWAYS_SEARCH_USER_PATHS = NO;
				ASSETCATALOG_COMPILER_GENERATE_SWIFT_ASSET_SYMBOL_EXTENSIONS = YES;
				CLANG_ANALYZER_NONNULL = YES;
				CLANG_ANALYZER_NUMBER_OBJECT_CONVERSION = YES_AGGRESSIVE;
				CLANG_CXX_LANGUAGE_STANDARD = "gnu++20";
				CLANG_ENABLE_MODULES = YES;
				CLANG_ENABLE_OBJC_ARC = YES;
				CLANG_ENABLE_OBJC_WEAK = YES;
				CLANG_WARN_BLOCK_CAPTURE_AUTORELEASING = YES;
				CLANG_WARN_BOOL_CONVERSION = YES;
				CLANG_WARN_COMMA = YES;
				CLANG_WARN_CONSTANT_CONVERSION = YES;
				CLANG_WARN_DEPRECATED_OBJC_IMPLEMENTATIONS = YES;
				CLANG_WARN_DIRECT_OBJC_ISA_USAGE = YES_ERROR;
				CLANG_WARN_DOCUMENTATION_COMMENTS = YES;
				CLANG_WARN_EMPTY_BODY = YES;
				CLANG_WARN_ENUM_CONVERSION = YES;
				CLANG_WARN_INFINITE_RECURSION = YES;
				CLANG_WARN_INT_CONVERSION = YES;
				CLANG_WARN_NON_LITERAL_NULL_CONVERSION = YES;
				CLANG_WARN_OBJC_IMPLICIT_RETAIN_SELF = YES;
				CLANG_WARN_OBJC_LITERAL_CONVERSION = YES;
				CLANG_WARN_OBJC_ROOT_CLASS = YES_ERROR;
				CLANG_WARN_QUOTED_INCLUDE_IN_FRAMEWORK_HEADER = YES;
				CLANG_WARN_RANGE_LOOP_ANALYSIS = YES;
				CLANG_WARN_STRICT_PROTOTYPES = YES;
				CLANG_WARN_SUSPICIOUS_MOVE = YES;
				CLANG_WARN_UNGUARDED_AVAILABILITY = YES_AGGRESSIVE;
				CLANG_WARN_UNREACHABLE_CODE = YES;
				CLANG_WARN__DUPLICATE_METHOD_MATCH = YES;
				COPY_PHASE_STRIP = NO;
				DEBUG_INFORMATION_FORMAT = dwarf;
				ENABLE_STRICT_OBJC_MSGSEND = YES;
				ENABLE_TESTABILITY = YES;
				ENABLE_USER_SCRIPT_SANDBOXING = YES;
				GCC_C_LANGUAGE_STANDARD = gnu17;
				GCC_DYNAMIC_NO_PIC = NO;
				GCC_NO_COMMON_BLOCKS = YES;
				GCC_OPTIMIZATION_LEVEL = 0;
				GCC_PREPROCESSOR_DEFINITIONS = (
					"DEBUG=1",
					"$(inherited)",
				);
				GCC_WARN_64_TO_32_BIT_CONVERSION = YES;
				GCC_WARN_ABOUT_RETURN_TYPE = YES_ERROR;
				GCC_WARN_UNDECLARED_SELECTOR = YES;
				GCC_WARN_UNINITIALIZED_AUTOS = YES_AGGRESSIVE;
				GCC_WARN_UNUSED_FUNCTION = YES;
				GCC_WARN_UNUSED_VARIABLE = YES;
				IPHONEOS_DEPLOYMENT_TARGET = 17.4;
				LOCALIZATION_PREFERS_STRING_CATALOGS = YES;
				MTL_ENABLE_DEBUG_INFO = INCLUDE_SOURCE;
				MTL_FAST_MATH = YES;
				ONLY_ACTIVE_ARCH = YES;
				SDKROOT = iphoneos;
				SWIFT_ACTIVE_COMPILATION_CONDITIONS = "DEBUG $(inherited)";
				SWIFT_OPTIMIZATION_LEVEL = "-Onone";
			};
			name = Debug;
		};
		39BB52092BF7DCAF002DA4C2 /* Release */ = {
			isa = XCBuildConfiguration;
			buildSettings = {
				ALWAYS_SEARCH_USER_PATHS = NO;
				ASSETCATALOG_COMPILER_GENERATE_SWIFT_ASSET_SYMBOL_EXTENSIONS = YES;
				CLANG_ANALYZER_NONNULL = YES;
				CLANG_ANALYZER_NUMBER_OBJECT_CONVERSION = YES_AGGRESSIVE;
				CLANG_CXX_LANGUAGE_STANDARD = "gnu++20";
				CLANG_ENABLE_MODULES = YES;
				CLANG_ENABLE_OBJC_ARC = YES;
				CLANG_ENABLE_OBJC_WEAK = YES;
				CLANG_WARN_BLOCK_CAPTURE_AUTORELEASING = YES;
				CLANG_WARN_BOOL_CONVERSION = YES;
				CLANG_WARN_COMMA = YES;
				CLANG_WARN_CONSTANT_CONVERSION = YES;
				CLANG_WARN_DEPRECATED_OBJC_IMPLEMENTATIONS = YES;
				CLANG_WARN_DIRECT_OBJC_ISA_USAGE = YES_ERROR;
				CLANG_WARN_DOCUMENTATION_COMMENTS = YES;
				CLANG_WARN_EMPTY_BODY = YES;
				CLANG_WARN_ENUM_CONVERSION = YES;
				CLANG_WARN_INFINITE_RECURSION = YES;
				CLANG_WARN_INT_CONVERSION = YES;
				CLANG_WARN_NON_LITERAL_NULL_CONVERSION = YES;
				CLANG_WARN_OBJC_IMPLICIT_RETAIN_SELF = YES;
				CLANG_WARN_OBJC_LITERAL_CONVERSION = YES;
				CLANG_WARN_OBJC_ROOT_CLASS = YES_ERROR;
				CLANG_WARN_QUOTED_INCLUDE_IN_FRAMEWORK_HEADER = YES;
				CLANG_WARN_RANGE_LOOP_ANALYSIS = YES;
				CLANG_WARN_STRICT_PROTOTYPES = YES;
				CLANG_WARN_SUSPICIOUS_MOVE = YES;
				CLANG_WARN_UNGUARDED_AVAILABILITY = YES_AGGRESSIVE;
				CLANG_WARN_UNREACHABLE_CODE = YES;
				CLANG_WARN__DUPLICATE_METHOD_MATCH = YES;
				COPY_PHASE_STRIP = NO;
				DEBUG_INFORMATION_FORMAT = "dwarf-with-dsym";
				ENABLE_NS_ASSERTIONS = NO;
				ENABLE_STRICT_OBJC_MSGSEND = YES;
				ENABLE_USER_SCRIPT_SANDBOXING = YES;
				GCC_C_LANGUAGE_STANDARD = gnu17;
				GCC_NO_COMMON_BLOCKS = YES;
				GCC_WARN_64_TO_32_BIT_CONVERSION = YES;
				GCC_WARN_ABOUT_RETURN_TYPE = YES_ERROR;
				GCC_WARN_UNDECLARED_SELECTOR = YES;
				GCC_WARN_UNINITIALIZED_AUTOS = YES_AGGRESSIVE;
				GCC_WARN_UNUSED_FUNCTION = YES;
				GCC_WARN_UNUSED_VARIABLE = YES;
				IPHONEOS_DEPLOYMENT_TARGET = 17.4;
				LOCALIZATION_PREFERS_STRING_CATALOGS = YES;
				MTL_ENABLE_DEBUG_INFO = NO;
				MTL_FAST_MATH = YES;
				SDKROOT = iphoneos;
				SWIFT_COMPILATION_MODE = wholemodule;
				VALIDATE_PRODUCT = YES;
			};
			name = Release;
		};
		39BB520B2BF7DCAF002DA4C2 /* Debug */ = {
			isa = XCBuildConfiguration;
			buildSettings = {
				ASSETCATALOG_COMPILER_APPICON_NAME = AppIcon;
				ASSETCATALOG_COMPILER_GLOBAL_ACCENT_COLOR_NAME = AccentColor;
				CODE_SIGN_STYLE = Automatic;
				CURRENT_PROJECT_VERSION = 1;
				DEVELOPMENT_ASSET_PATHS = "\"WeatherApp/Preview Content\"";
				ENABLE_PREVIEWS = YES;
				GENERATE_INFOPLIST_FILE = YES;
				INFOPLIST_KEY_UIApplicationSceneManifest_Generation = YES;
				INFOPLIST_KEY_UIApplicationSupportsIndirectInputEvents = YES;
				INFOPLIST_KEY_UILaunchScreen_Generation = YES;
				INFOPLIST_KEY_UISupportedInterfaceOrientations_iPad = "UIInterfaceOrientationPortrait UIInterfaceOrientationPortraitUpsideDown UIInterfaceOrientationLandscapeLeft UIInterfaceOrientationLandscapeRight";
				INFOPLIST_KEY_UISupportedInterfaceOrientations_iPhone = "UIInterfaceOrientationPortrait UIInterfaceOrientationLandscapeLeft UIInterfaceOrientationLandscapeRight";
				LD_RUNPATH_SEARCH_PATHS = (
					"$(inherited)",
					"@executable_path/Frameworks",
				);
				MARKETING_VERSION = 1.0;
				PRODUCT_BUNDLE_IDENTIFIER = non.WeatherApp;
				PRODUCT_NAME = "$(TARGET_NAME)";
				SWIFT_EMIT_LOC_STRINGS = YES;
				SWIFT_VERSION = 5.0;
				TARGETED_DEVICE_FAMILY = "1,2";
			};
			name = Debug;
		};
		39BB520C2BF7DCAF002DA4C2 /* Release */ = {
			isa = XCBuildConfiguration;
			buildSettings = {
				ASSETCATALOG_COMPILER_APPICON_NAME = AppIcon;
				ASSETCATALOG_COMPILER_GLOBAL_ACCENT_COLOR_NAME = AccentColor;
				CODE_SIGN_STYLE = Automatic;
				CURRENT_PROJECT_VERSION = 1;
				DEVELOPMENT_ASSET_PATHS = "\"WeatherApp/Preview Content\"";
				ENABLE_PREVIEWS = YES;
				GENERATE_INFOPLIST_FILE = YES;
				INFOPLIST_KEY_UIApplicationSceneManifest_Generation = YES;
				INFOPLIST_KEY_UIApplicationSupportsIndirectInputEvents = YES;
				INFOPLIST_KEY_UILaunchScreen_Generation = YES;
				INFOPLIST_KEY_UISupportedInterfaceOrientations_iPad = "UIInterfaceOrientationPortrait UIInterfaceOrientationPortraitUpsideDown UIInterfaceOrientationLandscapeLeft UIInterfaceOrientationLandscapeRight";
				INFOPLIST_KEY_UISupportedInterfaceOrientations_iPhone = "UIInterfaceOrientationPortrait UIInterfaceOrientationLandscapeLeft UIInterfaceOrientationLandscapeRight";
				LD_RUNPATH_SEARCH_PATHS = (
					"$(inherited)",
					"@executable_path/Frameworks",
				);
				MARKETING_VERSION = 1.0;
				PRODUCT_BUNDLE_IDENTIFIER = non.WeatherApp;
				PRODUCT_NAME = "$(TARGET_NAME)";
				SWIFT_EMIT_LOC_STRINGS = YES;
				SWIFT_VERSION = 5.0;
				TARGETED_DEVICE_FAMILY = "1,2";
			};
			name = Release;
		};
/* End XCBuildConfiguration section */

/* Begin XCConfigurationList section */
		39BB51F22BF7DCAD002DA4C2 /* Build configuration list for PBXProject "WeatherApp" */ = {
			isa = XCConfigurationList;
			buildConfigurations = (
				39BB52082BF7DCAF002DA4C2 /* Debug */,
				39BB52092BF7DCAF002DA4C2 /* Release */,
			);
			defaultConfigurationIsVisible = 0;
			defaultConfigurationName = Release;
		};
		39BB520A2BF7DCAF002DA4C2 /* Build configuration list for PBXNativeTarget "WeatherApp" */ = {
			isa = XCConfigurationList;
			buildConfigurations = (
				39BB520B2BF7DCAF002DA4C2 /* Debug */,
				39BB520C2BF7DCAF002DA4C2 /* Release */,
			);
			defaultConfigurationIsVisible = 0;
			defaultConfigurationName = Release;
		};
/* End XCConfigurationList section */

/* Begin XCRemoteSwiftPackageReference section */
		3972DE5D2BF8C60500F89AA4 /* XCRemoteSwiftPackageReference "Alamofire" */ = {
			isa = XCRemoteSwiftPackageReference;
			repositoryURL = "https://github.com/Alamofire/Alamofire";
			requirement = {
				kind = upToNextMajorVersion;
				minimumVersion = 5.9.1;
			};
		};
/* End XCRemoteSwiftPackageReference section */

/* Begin XCSwiftPackageProductDependency section */
		3972DE5E2BF8C60500F89AA4 /* Alamofire */ = {
			isa = XCSwiftPackageProductDependency;
			package = 3972DE5D2BF8C60500F89AA4 /* XCRemoteSwiftPackageReference "Alamofire" */;
			productName = Alamofire;
		};
		3972DE602BF8C60500F89AA4 /* AlamofireDynamic */ = {
			isa = XCSwiftPackageProductDependency;
			package = 3972DE5D2BF8C60500F89AA4 /* XCRemoteSwiftPackageReference "Alamofire" */;
			productName = AlamofireDynamic;
		};
/* End XCSwiftPackageProductDependency section */

/* Begin XCVersionGroup section */
		39BB52052BF7DCAF002DA4C2 /* WeatherApp.xcdatamodeld */ = {
			isa = XCVersionGroup;
			children = (
				39BB52062BF7DCAF002DA4C2 /* WeatherApp.xcdatamodel */,
			);
			currentVersion = 39BB52062BF7DCAF002DA4C2 /* WeatherApp.xcdatamodel */;
			path = WeatherApp.xcdatamodeld;
			sourceTree = "<group>";
			versionGroupType = wrapper.xcdatamodel;
		};
/* End XCVersionGroup section */
	};
	rootObject = 39BB51EF2BF7DCAD002DA4C2 /* Project object */;
}
